
Microsoft Visual Studio Solution File, Format Version 12.00
# Visual Studio Version 17
VisualStudioVersion = 17.7.34031.279
MinimumVisualStudioVersion = 10.0.40219.1
Project("{9A19103F-16F7-4668-BE54-9A1E7A4F7556}") = "SbmsCrudOperation02", "SbmsCrudOperation02.csproj", "{489357F3-15B8-482F-9759-615D6E5E008E}"
EndProject
Global
	GlobalSection(SolutionConfigurationPlatforms) = preSolution
		Debug|Any CPU = Debug|Any CPU
		Release|Any CPU = Release|Any CPU
	EndGlobalSection
	GlobalSection(ProjectConfigurationPlatforms) = postSolution
		{489357F3-15B8-482F-9759-615D6E5E008E}.Debug|Any CPU.ActiveCfg = Debug|Any CPU
		{489357F3-15B8-482F-9759-615D6E5E008E}.Debug|Any CPU.Build.0 = Debug|Any CPU
		{489357F3-15B8-482F-9759-615D6E5E008E}.Release|Any CPU.ActiveCfg = Release|Any CPU
		{489357F3-15B8-482F-9759-615D6E5E008E}.Release|Any CPU.Build.0 = Release|Any CPU
	EndGlobalSection
	GlobalSection(SolutionProperties) = preSolution
		HideSolutionNode = FALSE
	EndGlobalSection
	GlobalSection(ExtensibilityGlobals) = postSolution
		SolutionGuid = {19D2BC90-C963-4D90-8B96-87A8C631B638}
	EndGlobalSection
EndGlobal
